PODS:
  - CocoaAsyncSocket (7.6.3)
  - Criollo (0.5.5):
    - CocoaAsyncSocket (~> 7.6)

DEPENDENCIES:
  - Criollo (from `https://github.com/tomekh7/Criollo`, branch `replacing-routes`)

SPEC REPOS:
  trunk:
    - CocoaAsyncSocket

EXTERNAL SOURCES:
  Criollo:
    :branch: replacing-routes
    :git: https://github.com/tomekh7/Criollo

CHECKOUT OPTIONS:
  Criollo:
    :commit: 72c29a657499e31d34e7995be66bd5e78e3c350d
    :git: https://github.com/tomekh7/Criollo

SPEC CHECKSUMS:
  CocoaAsyncSocket: eafaa68a7e0ec99ead0a7b35015e0bf25d2c8987
  Criollo: 617173837c296ca4248b0b058f36ce9b91e5c25b

PODFILE CHECKSUM: 19ef316635bc9da06521de405745df17fce88e10

COCOAPODS: 1.8.3
